# This file is automatically @generated by Wally.
# It is not intended for manual editing.
registry = "test"

[[package]]
name = "ro-bura/robloxstyleobject"
version = "0.1.5"
dependencies = [["Signal", "ro-bura/signal@0.1.8"], ["XClass", "ro-bura/xclass@1.0.3"]]

[[package]]
name = "ro-bura/rokinidiotanimationplayer"
version = "0.1.0"
dependencies = [["RobloxStyleObject", "ro-bura/robloxstyleobject@0.1.5"], ["Signal", "ro-bura/signal@0.1.8"], ["XClass", "ro-bura/xclass@1.0.3"]]

[[package]]
name = "ro-bura/signal"
version = "0.1.8"
dependencies = [["XClass", "ro-bura/xclass@1.0.3"]]

[[package]]
name = "ro-bura/xclass"
version = "1.0.3"
dependencies = []
